// !$*UTF8*$!
{
	archiveVersion = 1;
	classes = {
	};
	objectVersion = 56;
	objects = {

/* Begin PBXBuildFile section */
		9D1287EB2A900D7C001594FD /* RowDrugViewModel.swift in Sources */ = {isa = PBXBuildFile; fileRef = 9D1287EA2A900D7C001594FD /* RowDrugViewModel.swift */; };
		9D1287ED2A903A19001594FD /* EachDrugView.swift in Sources */ = {isa = PBXBuildFile; fileRef = 9D1287EC2A903A19001594FD /* EachDrugView.swift */; };
		9D27F8342A84E97E00BF6711 /* CircleButton.swift in Sources */ = {isa = PBXBuildFile; fileRef = 9D27F8332A84E97E00BF6711 /* CircleButton.swift */; };
		9D27F8362A85000E00BF6711 /* RowDrugView.swift in Sources */ = {isa = PBXBuildFile; fileRef = 9D27F8352A85000E00BF6711 /* RowDrugView.swift */; };
		9D27F8392A850F1400BF6711 /* MainViewModel.swift in Sources */ = {isa = PBXBuildFile; fileRef = 9D27F8382A850F1400BF6711 /* MainViewModel.swift */; };
		9D27F83B2A8515B000BF6711 /* AddName.swift in Sources */ = {isa = PBXBuildFile; fileRef = 9D27F83A2A8515B000BF6711 /* AddName.swift */; };
		9D27F83D2A85214100BF6711 /* PreviewProvider.swift in Sources */ = {isa = PBXBuildFile; fileRef = 9D27F83C2A85214100BF6711 /* PreviewProvider.swift */; };
		9D4421762A8B9B0800FE1EA7 /* test.swift in Sources */ = {isa = PBXBuildFile; fileRef = 9D4421752A8B9B0800FE1EA7 /* test.swift */; };
		9D4421782A8BEFB500FE1EA7 /* ImageView.swift in Sources */ = {isa = PBXBuildFile; fileRef = 9D4421772A8BEFB500FE1EA7 /* ImageView.swift */; };
		9D44217A2A8BF50100FE1EA7 /* LocalFileManager.swift in Sources */ = {isa = PBXBuildFile; fileRef = 9D4421792A8BF50100FE1EA7 /* LocalFileManager.swift */; };
		9D7218D52A83BBA200EDDCA1 /* DrugsApp.swift in Sources */ = {isa = PBXBuildFile; fileRef = 9D7218D42A83BBA200EDDCA1 /* DrugsApp.swift */; };
		9D7218D72A83BBA200EDDCA1 /* ContentView.swift in Sources */ = {isa = PBXBuildFile; fileRef = 9D7218D62A83BBA200EDDCA1 /* ContentView.swift */; };
		9D7218D92A83BBA400EDDCA1 /* Assets.xcassets in Resources */ = {isa = PBXBuildFile; fileRef = 9D7218D82A83BBA400EDDCA1 /* Assets.xcassets */; };
		9D7218DC2A83BBA400EDDCA1 /* Preview Assets.xcassets in Resources */ = {isa = PBXBuildFile; fileRef = 9D7218DB2A83BBA400EDDCA1 /* Preview Assets.xcassets */; };
		9D7218E82A83FFD800EDDCA1 /* Color.swift in Sources */ = {isa = PBXBuildFile; fileRef = 9D7218E72A83FFD800EDDCA1 /* Color.swift */; };
		9D7218EA2A8400A300EDDCA1 /* MainView.swift in Sources */ = {isa = PBXBuildFile; fileRef = 9D7218E92A8400A300EDDCA1 /* MainView.swift */; };
		9DD45B062A867087002175EC /* AddDrugVM.swift in Sources */ = {isa = PBXBuildFile; fileRef = 9DD45B052A867087002175EC /* AddDrugVM.swift */; };
		9DD45B082A8672F4002175EC /* RoundedButton.swift in Sources */ = {isa = PBXBuildFile; fileRef = 9DD45B072A8672F4002175EC /* RoundedButton.swift */; };
		9DD45B0C2A8697CB002175EC /* CoreDataManager.swift in Sources */ = {isa = PBXBuildFile; fileRef = 9DD45B0B2A8697CB002175EC /* CoreDataManager.swift */; };
		9DD45B102A879D02002175EC /* Medications.xcdatamodeld in Sources */ = {isa = PBXBuildFile; fileRef = 9DD45B0D2A8798BC002175EC /* Medications.xcdatamodeld */; };
		9DF4A65F2A8593B800AF44C8 /* AddDrug.swift in Sources */ = {isa = PBXBuildFile; fileRef = 9DF4A65E2A8593B800AF44C8 /* AddDrug.swift */; };
/* End PBXBuildFile section */

/* Begin PBXFileReference section */
		9D1287EA2A900D7C001594FD /* RowDrugViewModel.swift */ = {isa = PBXFileReference; lastKnownFileType = sourcecode.swift; path = RowDrugViewModel.swift; sourceTree = "<group>"; };
		9D1287EC2A903A19001594FD /* EachDrugView.swift */ = {isa = PBXFileReference; lastKnownFileType = sourcecode.swift; path = EachDrugView.swift; sourceTree = "<group>"; };
		9D27F8332A84E97E00BF6711 /* CircleButton.swift */ = {isa = PBXFileReference; lastKnownFileType = sourcecode.swift; path = CircleButton.swift; sourceTree = "<group>"; };
		9D27F8352A85000E00BF6711 /* RowDrugView.swift */ = {isa = PBXFileReference; lastKnownFileType = sourcecode.swift; path = RowDrugView.swift; sourceTree = "<group>"; };
		9D27F8382A850F1400BF6711 /* MainViewModel.swift */ = {isa = PBXFileReference; lastKnownFileType = sourcecode.swift; path = MainViewModel.swift; sourceTree = "<group>"; };
		9D27F83A2A8515B000BF6711 /* AddName.swift */ = {isa = PBXFileReference; lastKnownFileType = sourcecode.swift; path = AddName.swift; sourceTree = "<group>"; };
		9D27F83C2A85214100BF6711 /* PreviewProvider.swift */ = {isa = PBXFileReference; lastKnownFileType = sourcecode.swift; path = PreviewProvider.swift; sourceTree = "<group>"; };
		9D4421752A8B9B0800FE1EA7 /* test.swift */ = {isa = PBXFileReference; lastKnownFileType = sourcecode.swift; path = test.swift; sourceTree = "<group>"; };
		9D4421772A8BEFB500FE1EA7 /* ImageView.swift */ = {isa = PBXFileReference; lastKnownFileType = sourcecode.swift; path = ImageView.swift; sourceTree = "<group>"; };
		9D4421792A8BF50100FE1EA7 /* LocalFileManager.swift */ = {isa = PBXFileReference; lastKnownFileType = sourcecode.swift; path = LocalFileManager.swift; sourceTree = "<group>"; };
		9D7218D12A83BBA200EDDCA1 /* Drugs.app */ = {isa = PBXFileReference; explicitFileType = wrapper.application; includeInIndex = 0; path = Drugs.app; sourceTree = BUILT_PRODUCTS_DIR; };
		9D7218D42A83BBA200EDDCA1 /* DrugsApp.swift */ = {isa = PBXFileReference; lastKnownFileType = sourcecode.swift; path = DrugsApp.swift; sourceTree = "<group>"; };
		9D7218D62A83BBA200EDDCA1 /* ContentView.swift */ = {isa = PBXFileReference; lastKnownFileType = sourcecode.swift; path = ContentView.swift; sourceTree = "<group>"; };
		9D7218D82A83BBA400EDDCA1 /* Assets.xcassets */ = {isa = PBXFileReference; lastKnownFileType = folder.assetcatalog; path = Assets.xcassets; sourceTree = "<group>"; };
		9D7218DB2A83BBA400EDDCA1 /* Preview Assets.xcassets */ = {isa = PBXFileReference; lastKnownFileType = folder.assetcatalog; path = "Preview Assets.xcassets"; sourceTree = "<group>"; };
		9D7218E72A83FFD800EDDCA1 /* Color.swift */ = {isa = PBXFileReference; lastKnownFileType = sourcecode.swift; path = Color.swift; sourceTree = "<group>"; };
		9D7218E92A8400A300EDDCA1 /* MainView.swift */ = {isa = PBXFileReference; lastKnownFileType = sourcecode.swift; path = MainView.swift; sourceTree = "<group>"; };
		9DD45B052A867087002175EC /* AddDrugVM.swift */ = {isa = PBXFileReference; lastKnownFileType = sourcecode.swift; path = AddDrugVM.swift; sourceTree = "<group>"; };
		9DD45B072A8672F4002175EC /* RoundedButton.swift */ = {isa = PBXFileReference; lastKnownFileType = sourcecode.swift; path = RoundedButton.swift; sourceTree = "<group>"; };
		9DD45B0B2A8697CB002175EC /* CoreDataManager.swift */ = {isa = PBXFileReference; lastKnownFileType = sourcecode.swift; path = CoreDataManager.swift; sourceTree = "<group>"; };
		9DD45B0E2A8798BC002175EC /* Medications.xcdatamodel */ = {isa = PBXFileReference; lastKnownFileType = wrapper.xcdatamodel; path = Medications.xcdatamodel; sourceTree = "<group>"; };
		9DF4A65E2A8593B800AF44C8 /* AddDrug.swift */ = {isa = PBXFileReference; lastKnownFileType = sourcecode.swift; path = AddDrug.swift; sourceTree = "<group>"; };
/* End PBXFileReference section */

/* Begin PBXFrameworksBuildPhase section */
		9D7218CE2A83BBA200EDDCA1 /* Frameworks */ = {
			isa = PBXFrameworksBuildPhase;
			buildActionMask = 2147483647;
			files = (
			);
			runOnlyForDeploymentPostprocessing = 0;
		};
/* End PBXFrameworksBuildPhase section */

/* Begin PBXGroup section */
		9D27F8312A84E91E00BF6711 /* Components */ = {
			isa = PBXGroup;
			children = (
				9D27F8322A84E92700BF6711 /* Buttons */,
			);
			path = Components;
			sourceTree = "<group>";
		};
		9D27F8322A84E92700BF6711 /* Buttons */ = {
			isa = PBXGroup;
			children = (
				9D27F8332A84E97E00BF6711 /* CircleButton.swift */,
				9DD45B072A8672F4002175EC /* RoundedButton.swift */,
			);
			path = Buttons;
			sourceTree = "<group>";
		};
		9D7218C82A83BBA200EDDCA1 = {
			isa = PBXGroup;
			children = (
				9D7218D32A83BBA200EDDCA1 /* Drugs */,
				9D7218D22A83BBA200EDDCA1 /* Products */,
			);
			sourceTree = "<group>";
		};
		9D7218D22A83BBA200EDDCA1 /* Products */ = {
			isa = PBXGroup;
			children = (
				9D7218D12A83BBA200EDDCA1 /* Drugs.app */,
			);
			name = Products;
			sourceTree = "<group>";
		};
		9D7218D32A83BBA200EDDCA1 /* Drugs */ = {
			isa = PBXGroup;
			children = (
				9D27F8312A84E91E00BF6711 /* Components */,
				9D7218E62A83FB1600EDDCA1 /* Utilities */,
				9D7218E52A83FB0A00EDDCA1 /* Model */,
				9D7218E42A83FAFD00EDDCA1 /* ViewModel */,
				9D7218E32A83FAF500EDDCA1 /* View */,
				9D7218E22A83FAEC00EDDCA1 /* Extensions */,
				9D7218D42A83BBA200EDDCA1 /* DrugsApp.swift */,
				9D7218D62A83BBA200EDDCA1 /* ContentView.swift */,
				9D7218D82A83BBA400EDDCA1 /* Assets.xcassets */,
				9D7218DA2A83BBA400EDDCA1 /* Preview Content */,
			);
			path = Drugs;
			sourceTree = "<group>";
		};
		9D7218DA2A83BBA400EDDCA1 /* Preview Content */ = {
			isa = PBXGroup;
			children = (
				9D7218DB2A83BBA400EDDCA1 /* Preview Assets.xcassets */,
			);
			path = "Preview Content";
			sourceTree = "<group>";
		};
		9D7218E22A83FAEC00EDDCA1 /* Extensions */ = {
			isa = PBXGroup;
			children = (
				9D7218E72A83FFD800EDDCA1 /* Color.swift */,
				9D27F83C2A85214100BF6711 /* PreviewProvider.swift */,
			);
			path = Extensions;
			sourceTree = "<group>";
		};
		9D7218E32A83FAF500EDDCA1 /* View */ = {
			isa = PBXGroup;
			children = (
				9D7218E92A8400A300EDDCA1 /* MainView.swift */,
				9D27F8352A85000E00BF6711 /* RowDrugView.swift */,
				9D27F83A2A8515B000BF6711 /* AddName.swift */,
				9DF4A65E2A8593B800AF44C8 /* AddDrug.swift */,
				9D4421752A8B9B0800FE1EA7 /* test.swift */,
				9D4421772A8BEFB500FE1EA7 /* ImageView.swift */,
				9D1287EC2A903A19001594FD /* EachDrugView.swift */,
			);
			path = View;
			sourceTree = "<group>";
		};
		9D7218E42A83FAFD00EDDCA1 /* ViewModel */ = {
			isa = PBXGroup;
			children = (
				9D27F8382A850F1400BF6711 /* MainViewModel.swift */,
				9DD45B052A867087002175EC /* AddDrugVM.swift */,
				9D1287EA2A900D7C001594FD /* RowDrugViewModel.swift */,
			);
			path = ViewModel;
			sourceTree = "<group>";
		};
		9D7218E52A83FB0A00EDDCA1 /* Model */ = {
			isa = PBXGroup;
			children = (
				9DD45B0D2A8798BC002175EC /* Medications.xcdatamodeld */,
			);
			path = Model;
			sourceTree = "<group>";
		};
		9D7218E62A83FB1600EDDCA1 /* Utilities */ = {
			isa = PBXGroup;
			children = (
				9DD45B0B2A8697CB002175EC /* CoreDataManager.swift */,
				9D4421792A8BF50100FE1EA7 /* LocalFileManager.swift */,
			);
			path = Utilities;
			sourceTree = "<group>";
		};
/* End PBXGroup section */

/* Begin PBXNativeTarget section */
		9D7218D02A83BBA200EDDCA1 /* Drugs */ = {
			isa = PBXNativeTarget;
			buildConfigurationList = 9D7218DF2A83BBA400EDDCA1 /* Build configuration list for PBXNativeTarget "Drugs" */;
			buildPhases = (
				9D7218CD2A83BBA200EDDCA1 /* Sources */,
				9D7218CE2A83BBA200EDDCA1 /* Frameworks */,
				9D7218CF2A83BBA200EDDCA1 /* Resources */,
			);
			buildRules = (
			);
			dependencies = (
			);
			name = Drugs;
			productName = Drugs;
			productReference = 9D7218D12A83BBA200EDDCA1 /* Drugs.app */;
			productType = "com.apple.product-type.application";
		};
/* End PBXNativeTarget section */

/* Begin PBXProject section */
		9D7218C92A83BBA200EDDCA1 /* Project object */ = {
			isa = PBXProject;
			attributes = {
				BuildIndependentTargetsInParallel = 1;
				LastSwiftUpdateCheck = 1430;
				LastUpgradeCheck = 1430;
				TargetAttributes = {
					9D7218D02A83BBA200EDDCA1 = {
						CreatedOnToolsVersion = 14.3.1;
					};
				};
			};
			buildConfigurationList = 9D7218CC2A83BBA200EDDCA1 /* Build configuration list for PBXProject "Drugs" */;
			compatibilityVersion = "Xcode 14.0";
			developmentRegion = en;
			hasScannedForEncodings = 0;
			knownRegions = (
				en,
				Base,
			);
			mainGroup = 9D7218C82A83BBA200EDDCA1;
			productRefGroup = 9D7218D22A83BBA200EDDCA1 /* Products */;
			projectDirPath = "";
			projectRoot = "";
			targets = (
				9D7218D02A83BBA200EDDCA1 /* Drugs */,
			);
		};
/* End PBXProject section */

/* Begin PBXResourcesBuildPhase section */
		9D7218CF2A83BBA200EDDCA1 /* Resources */ = {
			isa = PBXResourcesBuildPhase;
			buildActionMask = 2147483647;
			files = (
				9D7218DC2A83BBA400EDDCA1 /* Preview Assets.xcassets in Resources */,
				9D7218D92A83BBA400EDDCA1 /* Assets.xcassets in Resources */,
			);
			runOnlyForDeploymentPostprocessing = 0;
		};
/* End PBXResourcesBuildPhase section */

/* Begin PBXSourcesBuildPhase section */
		9D7218CD2A83BBA200EDDCA1 /* Sources */ = {
			isa = PBXSourcesBuildPhase;
			buildActionMask = 2147483647;
			files = (
				9DF4A65F2A8593B800AF44C8 /* AddDrug.swift in Sources */,
				9D1287EB2A900D7C001594FD /* RowDrugViewModel.swift in Sources */,
				9D27F83B2A8515B000BF6711 /* AddName.swift in Sources */,
				9DD45B062A867087002175EC /* AddDrugVM.swift in Sources */,
				9D7218D72A83BBA200EDDCA1 /* ContentView.swift in Sources */,
				9D44217A2A8BF50100FE1EA7 /* LocalFileManager.swift in Sources */,
				9D1287ED2A903A19001594FD /* EachDrugView.swift in Sources */,
				9D27F8362A85000E00BF6711 /* RowDrugView.swift in Sources */,
				9D7218EA2A8400A300EDDCA1 /* MainView.swift in Sources */,
				9D27F8342A84E97E00BF6711 /* CircleButton.swift in Sources */,
				9D7218D52A83BBA200EDDCA1 /* DrugsApp.swift in Sources */,
				9D4421782A8BEFB500FE1EA7 /* ImageView.swift in Sources */,
				9D7218E82A83FFD800EDDCA1 /* Color.swift in Sources */,
				9DD45B082A8672F4002175EC /* RoundedButton.swift in Sources */,
				9D27F8392A850F1400BF6711 /* MainViewModel.swift in Sources */,
				9DD45B0C2A8697CB002175EC /* CoreDataManager.swift in Sources */,
				9DD45B102A879D02002175EC /* Medications.xcdatamodeld in Sources */,
				9D4421762A8B9B0800FE1EA7 /* test.swift in Sources */,
				9D27F83D2A85214100BF6711 /* PreviewProvider.swift in Sources */,
			);
			runOnlyForDeploymentPostprocessing = 0;
		};
/* End PBXSourcesBuildPhase section */

/* Begin XCBuildConfiguration section */
		9D7218DD2A83BBA400EDDCA1 /* Debug */ = {
			isa = XCBuildConfiguration;
			buildSettings = {
				ALWAYS_SEARCH_USER_PATHS = NO;
				CLANG_ANALYZER_NONNULL = YES;
				CLANG_ANALYZER_NUMBER_OBJECT_CONVERSION = YES_AGGRESSIVE;
				CLANG_CXX_LANGUAGE_STANDARD = "gnu++20";
				CLANG_ENABLE_MODULES = YES;
				CLANG_ENABLE_OBJC_ARC = YES;
				CLANG_ENABLE_OBJC_WEAK = YES;
				CLANG_WARN_BLOCK_CAPTURE_AUTORELEASING = YES;
				CLANG_WARN_BOOL_CONVERSION = YES;
				CLANG_WARN_COMMA = YES;
				CLANG_WARN_CONSTANT_CONVERSION = YES;
				CLANG_WARN_DEPRECATED_OBJC_IMPLEMENTATIONS = YES;
				CLANG_WARN_DIRECT_OBJC_ISA_USAGE = YES_ERROR;
				CLANG_WARN_DOCUMENTATION_COMMENTS = YES;
				CLANG_WARN_EMPTY_BODY = YES;
				CLANG_WARN_ENUM_CONVERSION = YES;
				CLANG_WARN_INFINITE_RECURSION = YES;
				CLANG_WARN_INT_CONVERSION = YES;
				CLANG_WARN_NON_LITERAL_NULL_CONVERSION = YES;
				CLANG_WARN_OBJC_IMPLICIT_RETAIN_SELF = YES;
				CLANG_WARN_OBJC_LITERAL_CONVERSION = YES;
				CLANG_WARN_OBJC_ROOT_CLASS = YES_ERROR;
				CLANG_WARN_QUOTED_INCLUDE_IN_FRAMEWORK_HEADER = YES;
				CLANG_WARN_RANGE_LOOP_ANALYSIS = YES;
				CLANG_WARN_STRICT_PROTOTYPES = YES;
				CLANG_WARN_SUSPICIOUS_MOVE = YES;
				CLANG_WARN_UNGUARDED_AVAILABILITY = YES_AGGRESSIVE;
				CLANG_WARN_UNREACHABLE_CODE = YES;
				CLANG_WARN__DUPLICATE_METHOD_MATCH = YES;
				COPY_PHASE_STRIP = NO;
				DEBUG_INFORMATION_FORMAT = dwarf;
				ENABLE_STRICT_OBJC_MSGSEND = YES;
				ENABLE_TESTABILITY = YES;
				GCC_C_LANGUAGE_STANDARD = gnu11;
				GCC_DYNAMIC_NO_PIC = NO;
				GCC_NO_COMMON_BLOCKS = YES;
				GCC_OPTIMIZATION_LEVEL = 0;
				GCC_PREPROCESSOR_DEFINITIONS = (
					"DEBUG=1",
					"$(inherited)",
				);
				GCC_WARN_64_TO_32_BIT_CONVERSION = YES;
				GCC_WARN_ABOUT_RETURN_TYPE = YES_ERROR;
				GCC_WARN_UNDECLARED_SELECTOR = YES;
				GCC_WARN_UNINITIALIZED_AUTOS = YES_AGGRESSIVE;
				GCC_WARN_UNUSED_FUNCTION = YES;
				GCC_WARN_UNUSED_VARIABLE = YES;
				IPHONEOS_DEPLOYMENT_TARGET = 16.4;
				MTL_ENABLE_DEBUG_INFO = INCLUDE_SOURCE;
				MTL_FAST_MATH = YES;
				ONLY_ACTIVE_ARCH = YES;
				SDKROOT = iphoneos;
				SWIFT_ACTIVE_COMPILATION_CONDITIONS = DEBUG;
				SWIFT_OPTIMIZATION_LEVEL = "-Onone";
			};
			name = Debug;
		};
		9D7218DE2A83BBA400EDDCA1 /* Release */ = {
			isa = XCBuildConfiguration;
			buildSettings = {
				ALWAYS_SEARCH_USER_PATHS = NO;
				CLANG_ANALYZER_NONNULL = YES;
				CLANG_ANALYZER_NUMBER_OBJECT_CONVERSION = YES_AGGRESSIVE;
				CLANG_CXX_LANGUAGE_STANDARD = "gnu++20";
				CLANG_ENABLE_MODULES = YES;
				CLANG_ENABLE_OBJC_ARC = YES;
				CLANG_ENABLE_OBJC_WEAK = YES;
				CLANG_WARN_BLOCK_CAPTURE_AUTORELEASING = YES;
				CLANG_WARN_BOOL_CONVERSION = YES;
				CLANG_WARN_COMMA = YES;
				CLANG_WARN_CONSTANT_CONVERSION = YES;
				CLANG_WARN_DEPRECATED_OBJC_IMPLEMENTATIONS = YES;
				CLANG_WARN_DIRECT_OBJC_ISA_USAGE = YES_ERROR;
				CLANG_WARN_DOCUMENTATION_COMMENTS = YES;
				CLANG_WARN_EMPTY_BODY = YES;
				CLANG_WARN_ENUM_CONVERSION = YES;
				CLANG_WARN_INFINITE_RECURSION = YES;
				CLANG_WARN_INT_CONVERSION = YES;
				CLANG_WARN_NON_LITERAL_NULL_CONVERSION = YES;
				CLANG_WARN_OBJC_IMPLICIT_RETAIN_SELF = YES;
				CLANG_WARN_OBJC_LITERAL_CONVERSION = YES;
				CLANG_WARN_OBJC_ROOT_CLASS = YES_ERROR;
				CLANG_WARN_QUOTED_INCLUDE_IN_FRAMEWORK_HEADER = YES;
				CLANG_WARN_RANGE_LOOP_ANALYSIS = YES;
				CLANG_WARN_STRICT_PROTOTYPES = YES;
				CLANG_WARN_SUSPICIOUS_MOVE = YES;
				CLANG_WARN_UNGUARDED_AVAILABILITY = YES_AGGRESSIVE;
				CLANG_WARN_UNREACHABLE_CODE = YES;
				CLANG_WARN__DUPLICATE_METHOD_MATCH = YES;
				COPY_PHASE_STRIP = NO;
				DEBUG_INFORMATION_FORMAT = "dwarf-with-dsym";
				ENABLE_NS_ASSERTIONS = NO;
				ENABLE_STRICT_OBJC_MSGSEND = YES;
				GCC_C_LANGUAGE_STANDARD = gnu11;
				GCC_NO_COMMON_BLOCKS = YES;
				GCC_WARN_64_TO_32_BIT_CONVERSION = YES;
				GCC_WARN_ABOUT_RETURN_TYPE = YES_ERROR;
				GCC_WARN_UNDECLARED_SELECTOR = YES;
				GCC_WARN_UNINITIALIZED_AUTOS = YES_AGGRESSIVE;
				GCC_WARN_UNUSED_FUNCTION = YES;
				GCC_WARN_UNUSED_VARIABLE = YES;
				IPHONEOS_DEPLOYMENT_TARGET = 16.4;
				MTL_ENABLE_DEBUG_INFO = NO;
				MTL_FAST_MATH = YES;
				SDKROOT = iphoneos;
				SWIFT_COMPILATION_MODE = wholemodule;
				SWIFT_OPTIMIZATION_LEVEL = "-O";
				VALIDATE_PRODUCT = YES;
			};
			name = Release;
		};
		9D7218E02A83BBA400EDDCA1 /* Debug */ = {
			isa = XCBuildConfiguration;
			buildSettings = {
				ASSETCATALOG_COMPILER_APPICON_NAME = AppIcon;
				ASSETCATALOG_COMPILER_GLOBAL_ACCENT_COLOR_NAME = AccentColor;
				CODE_SIGN_STYLE = Automatic;
				CURRENT_PROJECT_VERSION = 1;
				DEVELOPMENT_ASSET_PATHS = "\"Drugs/Preview Content\"";
				DEVELOPMENT_TEAM = DD4FLB28J9;
				ENABLE_PREVIEWS = YES;
				GENERATE_INFOPLIST_FILE = YES;
				INFOPLIST_KEY_UIApplicationSceneManifest_Generation = YES;
				INFOPLIST_KEY_UIApplicationSupportsIndirectInputEvents = YES;
				INFOPLIST_KEY_UILaunchScreen_Generation = YES;
				INFOPLIST_KEY_UISupportedInterfaceOrientations_iPad = "UIInterfaceOrientationPortrait UIInterfaceOrientationPortraitUpsideDown UIInterfaceOrientationLandscapeLeft UIInterfaceOrientationLandscapeRight";
				INFOPLIST_KEY_UISupportedInterfaceOrientations_iPhone = "UIInterfaceOrientationPortrait UIInterfaceOrientationLandscapeLeft UIInterfaceOrientationLandscapeRight";
				LD_RUNPATH_SEARCH_PATHS = (
					"$(inherited)",
					"@executable_path/Frameworks",
				);
				MARKETING_VERSION = 1.0;
				PRODUCT_BUNDLE_IDENTIFIER = com.FBTApps.Drugs;
				PRODUCT_NAME = "$(TARGET_NAME)";
				SWIFT_EMIT_LOC_STRINGS = YES;
				SWIFT_VERSION = 5.0;
				TARGETED_DEVICE_FAMILY = "1,2";
			};
			name = Debug;
		};
		9D7218E12A83BBA400EDDCA1 /* Release */ = {
			isa = XCBuildConfiguration;
			buildSettings = {
				ASSETCATALOG_COMPILER_APPICON_NAME = AppIcon;
				ASSETCATALOG_COMPILER_GLOBAL_ACCENT_COLOR_NAME = AccentColor;
				CODE_SIGN_STYLE = Automatic;
				CURRENT_PROJECT_VERSION = 1;
				DEVELOPMENT_ASSET_PATHS = "\"Drugs/Preview Content\"";
				DEVELOPMENT_TEAM = DD4FLB28J9;
				ENABLE_PREVIEWS = YES;
				GENERATE_INFOPLIST_FILE = YES;
				INFOPLIST_KEY_UIApplicationSceneManifest_Generation = YES;
				INFOPLIST_KEY_UIApplicationSupportsIndirectInputEvents = YES;
				INFOPLIST_KEY_UILaunchScreen_Generation = YES;
				INFOPLIST_KEY_UISupportedInterfaceOrientations_iPad = "UIInterfaceOrientationPortrait UIInterfaceOrientationPortraitUpsideDown UIInterfaceOrientationLandscapeLeft UIInterfaceOrientationLandscapeRight";
				INFOPLIST_KEY_UISupportedInterfaceOrientations_iPhone = "UIInterfaceOrientationPortrait UIInterfaceOrientationLandscapeLeft UIInterfaceOrientationLandscapeRight";
				LD_RUNPATH_SEARCH_PATHS = (
					"$(inherited)",
					"@executable_path/Frameworks",
				);
				MARKETING_VERSION = 1.0;
				PRODUCT_BUNDLE_IDENTIFIER = com.FBTApps.Drugs;
				PRODUCT_NAME = "$(TARGET_NAME)";
				SWIFT_EMIT_LOC_STRINGS = YES;
				SWIFT_VERSION = 5.0;
				TARGETED_DEVICE_FAMILY = "1,2";
			};
			name = Release;
		};
/* End XCBuildConfiguration section */

/* Begin XCConfigurationList section */
		9D7218CC2A83BBA200EDDCA1 /* Build configuration list for PBXProject "Drugs" */ = {
			isa = XCConfigurationList;
			buildConfigurations = (
				9D7218DD2A83BBA400EDDCA1 /* Debug */,
				9D7218DE2A83BBA400EDDCA1 /* Release */,
			);
			defaultConfigurationIsVisible = 0;
			defaultConfigurationName = Release;
		};
		9D7218DF2A83BBA400EDDCA1 /* Build configuration list for PBXNativeTarget "Drugs" */ = {
			isa = XCConfigurationList;
			buildConfigurations = (
				9D7218E02A83BBA400EDDCA1 /* Debug */,
				9D7218E12A83BBA400EDDCA1 /* Release */,
			);
			defaultConfigurationIsVisible = 0;
			defaultConfigurationName = Release;
		};
/* End XCConfigurationList section */

/* Begin XCVersionGroup section */
		9DD45B0D2A8798BC002175EC /* Medications.xcdatamodeld */ = {
			isa = XCVersionGroup;
			children = (
				9DD45B0E2A8798BC002175EC /* Medications.xcdatamodel */,
			);
			currentVersion = 9DD45B0E2A8798BC002175EC /* Medications.xcdatamodel */;
			path = Medications.xcdatamodeld;
			sourceTree = "<group>";
			versionGroupType = wrapper.xcdatamodel;
		};
/* End XCVersionGroup section */
	};
	rootObject = 9D7218C92A83BBA200EDDCA1 /* Project object */;
}
